
Microsoft Visual Studio Solution File, Format Version 12.00
# Visual Studio 15
VisualStudioVersion = 15.0.28307.168
MinimumVisualStudioVersion = 10.0.40219.1
Project("{FAE04EC0-301F-11D3-BF4B-00C04F79EFBC}") = "Converter", "Converter\Converter.csproj", "{AC937BC7-031B-4ED2-A13F-DAB1A001F85E}"
EndProject
Global
	GlobalSection(SolutionConfigurationPlatforms) = preSolution
		Debug|Any CPU = Debug|Any CPU
		Release|Any CPU = Release|Any CPU
	EndGlobalSection
	GlobalSection(ProjectConfigurationPlatforms) = postSolution
		{AC937BC7-031B-4ED2-A13F-DAB1A001F85E}.Debug|Any CPU.ActiveCfg = Debug|Any CPU
		{AC937BC7-031B-4ED2-A13F-DAB1A001F85E}.Debug|Any CPU.Build.0 = Debug|Any CPU
		{AC937BC7-031B-4ED2-A13F-DAB1A001F85E}.Release|Any CPU.ActiveCfg = Release|Any CPU
		{AC937BC7-031B-4ED2-A13F-DAB1A001F85E}.Release|Any CPU.Build.0 = Release|Any CPU
	EndGlobalSection
	GlobalSection(SolutionProperties) = preSolution
		HideSolutionNode = FALSE
	EndGlobalSection
	GlobalSection(ExtensibilityGlobals) = postSolution
		SolutionGuid = {A43D0438-9B0B-4C9D-86E9-82F12C6767E6}
	EndGlobalSection
EndGlobal
